<Solution>
  <Configurations>
    <Platform Name="Any CPU" />
    <Platform Name="x86" />
  </Configurations>
  <Project Path="CoreLibrary/CoreLibrary.csproj">
    <Platform Solution="*|x86" Project="x86" />
  </Project>
  <Project Path="OathAuto/OathAuto.csproj">
    <Platform Solution="*|x86" Project="x86" />
  </Project>
</Solution>
